// !$*UTF8*$!
{
	archiveVersion = 1;
	classes = {
	};
	objectVersion = 55;
	objects = {

/* Begin PBXBuildFile section */
		29A7397133F404B44A463EB0 /* Pods_YanoljaCloneApp.framework in Frameworks */ = {isa = PBXBuildFile; fileRef = C4F89168A098E9086E73BBB1 /* Pods_YanoljaCloneApp.framework */; };
		322256AA278A76420090A0DF /* SignInViewController.swift in Sources */ = {isa = PBXBuildFile; fileRef = 322256A9278A76420090A0DF /* SignInViewController.swift */; };
		322256AC278A77D40090A0DF /* Home.storyboard in Resources */ = {isa = PBXBuildFile; fileRef = 322256AB278A77D40090A0DF /* Home.storyboard */; };
		322256AE278A78220090A0DF /* Region.storyboard in Resources */ = {isa = PBXBuildFile; fileRef = 322256AD278A78220090A0DF /* Region.storyboard */; };
		322256B0278A782D0090A0DF /* Peripheral.storyboard in Resources */ = {isa = PBXBuildFile; fileRef = 322256AF278A782C0090A0DF /* Peripheral.storyboard */; };
		322256B3278A78410090A0DF /* Heart.storyboard in Resources */ = {isa = PBXBuildFile; fileRef = 322256B2278A78410090A0DF /* Heart.storyboard */; };
		322256B5278A784B0090A0DF /* MyPage.storyboard in Resources */ = {isa = PBXBuildFile; fileRef = 322256B4278A784B0090A0DF /* MyPage.storyboard */; };
		322256B7278A82B70090A0DF /* TabManController.swift in Sources */ = {isa = PBXBuildFile; fileRef = 322256B6278A82B70090A0DF /* TabManController.swift */; };
		32472084278D43CA009E4B8B /* DomesticIconCollectionViewCell.swift in Sources */ = {isa = PBXBuildFile; fileRef = 32472083278D43CA009E4B8B /* DomesticIconCollectionViewCell.swift */; };
		32472086278D43FE009E4B8B /* DomesticCollectionViewCell.swift in Sources */ = {isa = PBXBuildFile; fileRef = 32472085278D43FE009E4B8B /* DomesticCollectionViewCell.swift */; };
		32472088278D7F52009E4B8B /* SIgnInPHViewController.swift in Sources */ = {isa = PBXBuildFile; fileRef = 32472087278D7F52009E4B8B /* SIgnInPHViewController.swift */; };
		3247208A278D8E24009E4B8B /* MyPageViewController.swift in Sources */ = {isa = PBXBuildFile; fileRef = 32472089278D8E24009E4B8B /* MyPageViewController.swift */; };
		325206FE278C3AD0008071FA /* SignInDataManager.swift in Sources */ = {isa = PBXBuildFile; fileRef = 325206FD278C3AD0008071FA /* SignInDataManager.swift */; };
		32520700278C3BE8008071FA /* LogInResponse.swift in Sources */ = {isa = PBXBuildFile; fileRef = 325206FF278C3BE8008071FA /* LogInResponse.swift */; };
		32520703278C89B9008071FA /* RecommendCollectionViewCell.swift in Sources */ = {isa = PBXBuildFile; fileRef = 32520702278C89B9008071FA /* RecommendCollectionViewCell.swift */; };
		32520705278C8B37008071FA /* RecommendIconCollectionViewCell.swift in Sources */ = {isa = PBXBuildFile; fileRef = 32520704278C8B37008071FA /* RecommendIconCollectionViewCell.swift */; };
		32685E4527894AA3002389AF /* AppDelegate.swift in Sources */ = {isa = PBXBuildFile; fileRef = 32685E4427894AA3002389AF /* AppDelegate.swift */; };
		32685E4727894AA3002389AF /* SceneDelegate.swift in Sources */ = {isa = PBXBuildFile; fileRef = 32685E4627894AA3002389AF /* SceneDelegate.swift */; };
		32685E4927894AA3002389AF /* ViewController.swift in Sources */ = {isa = PBXBuildFile; fileRef = 32685E4827894AA3002389AF /* ViewController.swift */; };
		32685E4C27894AA3002389AF /* Main.storyboard in Resources */ = {isa = PBXBuildFile; fileRef = 32685E4A27894AA3002389AF /* Main.storyboard */; };
		32685E4E27894AA4002389AF /* Assets.xcassets in Resources */ = {isa = PBXBuildFile; fileRef = 32685E4D27894AA4002389AF /* Assets.xcassets */; };
		32685E5127894AA4002389AF /* LaunchScreen.storyboard in Resources */ = {isa = PBXBuildFile; fileRef = 32685E4F27894AA4002389AF /* LaunchScreen.storyboard */; };
		32685E66278976F8002389AF /* IndicatorView.swift in Sources */ = {isa = PBXBuildFile; fileRef = 32685E5C278976F7002389AF /* IndicatorView.swift */; };
		32685E67278976F8002389AF /* Date.swift in Sources */ = {isa = PBXBuildFile; fileRef = 32685E5E278976F7002389AF /* Date.swift */; };
		32685E68278976F8002389AF /* UIColor.swift in Sources */ = {isa = PBXBuildFile; fileRef = 32685E5F278976F7002389AF /* UIColor.swift */; };
		32685E69278976F8002389AF /* String.swift in Sources */ = {isa = PBXBuildFile; fileRef = 32685E60278976F8002389AF /* String.swift */; };
		32685E6A278976F8002389AF /* UIButton.swift in Sources */ = {isa = PBXBuildFile; fileRef = 32685E61278976F8002389AF /* UIButton.swift */; };
		32685E6B278976F8002389AF /* UIViewController.swift in Sources */ = {isa = PBXBuildFile; fileRef = 32685E62278976F8002389AF /* UIViewController.swift */; };
		32685E6C278976F8002389AF /* UINavigationBar.swift in Sources */ = {isa = PBXBuildFile; fileRef = 32685E63278976F8002389AF /* UINavigationBar.swift */; };
		32685E6D278976F8002389AF /* UIFont.swift in Sources */ = {isa = PBXBuildFile; fileRef = 32685E64278976F8002389AF /* UIFont.swift */; };
		32685E6E278976F8002389AF /* Device.swift in Sources */ = {isa = PBXBuildFile; fileRef = 32685E65278976F8002389AF /* Device.swift */; };
		32685E7927897757002389AF /* Constant.swift in Sources */ = {isa = PBXBuildFile; fileRef = 32685E7027897757002389AF /* Constant.swift */; };
		32685E7A27897757002389AF /* Key.swift in Sources */ = {isa = PBXBuildFile; fileRef = 32685E7227897757002389AF /* Key.swift */; };
		32685E7B27897757002389AF /* NotoSansCJKkr-Medium.otf in Resources */ = {isa = PBXBuildFile; fileRef = 32685E7427897757002389AF /* NotoSansCJKkr-Medium.otf */; };
		32685E7C27897757002389AF /* NotoSansCJKkr-Regular.otf in Resources */ = {isa = PBXBuildFile; fileRef = 32685E7527897757002389AF /* NotoSansCJKkr-Regular.otf */; };
		32685E7D27897757002389AF /* NotoSansCJKkr-Bold.otf in Resources */ = {isa = PBXBuildFile; fileRef = 32685E7627897757002389AF /* NotoSansCJKkr-Bold.otf */; };
		32685E7E27897757002389AF /* BaseViewController.swift in Sources */ = {isa = PBXBuildFile; fileRef = 32685E7827897757002389AF /* BaseViewController.swift */; };
		32685E8B2789791A002389AF /* Signin.storyboard in Resources */ = {isa = PBXBuildFile; fileRef = 32685E8A2789791A002389AF /* Signin.storyboard */; };
		32685E8D27897927002389AF /* Login.storyboard in Resources */ = {isa = PBXBuildFile; fileRef = 32685E8C27897927002389AF /* Login.storyboard */; };
		32685E8F2789D63B002389AF /* LoginMain.swift in Sources */ = {isa = PBXBuildFile; fileRef = 32685E8E2789D63B002389AF /* LoginMain.swift */; };
		32685E912789D647002389AF /* LoginEmail.swift in Sources */ = {isa = PBXBuildFile; fileRef = 32685E902789D647002389AF /* LoginEmail.swift */; };
		32685E932789EA60002389AF /* LoginDataManager.swift in Sources */ = {isa = PBXBuildFile; fileRef = 32685E922789EA60002389AF /* LoginDataManager.swift */; };
		32DDF8A9278A83B2004C1280 /* RecommendationViewController.swift in Sources */ = {isa = PBXBuildFile; fileRef = 32DDF8A8278A83B2004C1280 /* RecommendationViewController.swift */; };
		32DDF8AB278A83EC004C1280 /* DomesticViewController.swift in Sources */ = {isa = PBXBuildFile; fileRef = 32DDF8AA278A83EC004C1280 /* DomesticViewController.swift */; };
		32DDF8AD278A8401004C1280 /* EntertainmentViewController.swift in Sources */ = {isa = PBXBuildFile; fileRef = 32DDF8AC278A8401004C1280 /* EntertainmentViewController.swift */; };
		32DDF8AF278A8410004C1280 /* TransportationViewController.swift in Sources */ = {isa = PBXBuildFile; fileRef = 32DDF8AE278A8410004C1280 /* TransportationViewController.swift */; };
		32DDF8B1278A841F004C1280 /* AbroadViewController.swift in Sources */ = {isa = PBXBuildFile; fileRef = 32DDF8B0278A841F004C1280 /* AbroadViewController.swift */; };
		32DE3450278A8A3A00D2A055 /* ScrollandNavigation.swift in Sources */ = {isa = PBXBuildFile; fileRef = 32DE344F278A8A3A00D2A055 /* ScrollandNavigation.swift */; };
		32DE3452278B347D00D2A055 /* SignInPWViewController.swift in Sources */ = {isa = PBXBuildFile; fileRef = 32DE3451278B347D00D2A055 /* SignInPWViewController.swift */; };
/* End PBXBuildFile section */

/* Begin PBXFileReference section */
		322256A9278A76420090A0DF /* SignInViewController.swift */ = {isa = PBXFileReference; lastKnownFileType = sourcecode.swift; path = SignInViewController.swift; sourceTree = "<group>"; };
		322256AB278A77D40090A0DF /* Home.storyboard */ = {isa = PBXFileReference; lastKnownFileType = file.storyboard; path = Home.storyboard; sourceTree = "<group>"; };
		322256AD278A78220090A0DF /* Region.storyboard */ = {isa = PBXFileReference; lastKnownFileType = file.storyboard; path = Region.storyboard; sourceTree = "<group>"; };
		322256AF278A782C0090A0DF /* Peripheral.storyboard */ = {isa = PBXFileReference; lastKnownFileType = file.storyboard; path = Peripheral.storyboard; sourceTree = "<group>"; };
		322256B2278A78410090A0DF /* Heart.storyboard */ = {isa = PBXFileReference; lastKnownFileType = file.storyboard; path = Heart.storyboard; sourceTree = "<group>"; };
		322256B4278A784B0090A0DF /* MyPage.storyboard */ = {isa = PBXFileReference; lastKnownFileType = file.storyboard; path = MyPage.storyboard; sourceTree = "<group>"; };
		322256B6278A82B70090A0DF /* TabManController.swift */ = {isa = PBXFileReference; lastKnownFileType = sourcecode.swift; path = TabManController.swift; sourceTree = "<group>"; };
		32472083278D43CA009E4B8B /* DomesticIconCollectionViewCell.swift */ = {isa = PBXFileReference; lastKnownFileType = sourcecode.swift; path = DomesticIconCollectionViewCell.swift; sourceTree = "<group>"; };
		32472085278D43FE009E4B8B /* DomesticCollectionViewCell.swift */ = {isa = PBXFileReference; lastKnownFileType = sourcecode.swift; path = DomesticCollectionViewCell.swift; sourceTree = "<group>"; };
		32472087278D7F52009E4B8B /* SIgnInPHViewController.swift */ = {isa = PBXFileReference; lastKnownFileType = sourcecode.swift; path = SIgnInPHViewController.swift; sourceTree = "<group>"; };
		32472089278D8E24009E4B8B /* MyPageViewController.swift */ = {isa = PBXFileReference; lastKnownFileType = sourcecode.swift; path = MyPageViewController.swift; sourceTree = "<group>"; };
		325206FD278C3AD0008071FA /* SignInDataManager.swift */ = {isa = PBXFileReference; lastKnownFileType = sourcecode.swift; path = SignInDataManager.swift; sourceTree = "<group>"; };
		325206FF278C3BE8008071FA /* LogInResponse.swift */ = {isa = PBXFileReference; lastKnownFileType = sourcecode.swift; path = LogInResponse.swift; sourceTree = "<group>"; };
		32520702278C89B9008071FA /* RecommendCollectionViewCell.swift */ = {isa = PBXFileReference; lastKnownFileType = sourcecode.swift; path = RecommendCollectionViewCell.swift; sourceTree = "<group>"; };
		32520704278C8B37008071FA /* RecommendIconCollectionViewCell.swift */ = {isa = PBXFileReference; lastKnownFileType = sourcecode.swift; path = RecommendIconCollectionViewCell.swift; sourceTree = "<group>"; };
		32685E4127894AA2002389AF /* YanoljaCloneApp.app */ = {isa = PBXFileReference; explicitFileType = wrapper.application; includeInIndex = 0; path = YanoljaCloneApp.app; sourceTree = BUILT_PRODUCTS_DIR; };
		32685E4427894AA3002389AF /* AppDelegate.swift */ = {isa = PBXFileReference; lastKnownFileType = sourcecode.swift; path = AppDelegate.swift; sourceTree = "<group>"; };
		32685E4627894AA3002389AF /* SceneDelegate.swift */ = {isa = PBXFileReference; lastKnownFileType = sourcecode.swift; path = SceneDelegate.swift; sourceTree = "<group>"; };
		32685E4827894AA3002389AF /* ViewController.swift */ = {isa = PBXFileReference; lastKnownFileType = sourcecode.swift; path = ViewController.swift; sourceTree = "<group>"; };
		32685E4B27894AA3002389AF /* Base */ = {isa = PBXFileReference; lastKnownFileType = file.storyboard; name = Base; path = Base.lproj/Main.storyboard; sourceTree = "<group>"; };
		32685E4D27894AA4002389AF /* Assets.xcassets */ = {isa = PBXFileReference; lastKnownFileType = folder.assetcatalog; path = Assets.xcassets; sourceTree = "<group>"; };
		32685E5027894AA4002389AF /* Base */ = {isa = PBXFileReference; lastKnownFileType = file.storyboard; name = Base; path = Base.lproj/LaunchScreen.storyboard; sourceTree = "<group>"; };
		32685E5227894AA4002389AF /* Info.plist */ = {isa = PBXFileReference; lastKnownFileType = text.plist.xml; path = Info.plist; sourceTree = "<group>"; };
		32685E5C278976F7002389AF /* IndicatorView.swift */ = {isa = PBXFileReference; fileEncoding = 4; lastKnownFileType = sourcecode.swift; path = IndicatorView.swift; sourceTree = "<group>"; };
		32685E5E278976F7002389AF /* Date.swift */ = {isa = PBXFileReference; fileEncoding = 4; lastKnownFileType = sourcecode.swift; path = Date.swift; sourceTree = "<group>"; };
		32685E5F278976F7002389AF /* UIColor.swift */ = {isa = PBXFileReference; fileEncoding = 4; lastKnownFileType = sourcecode.swift; path = UIColor.swift; sourceTree = "<group>"; };
		32685E60278976F8002389AF /* String.swift */ = {isa = PBXFileReference; fileEncoding = 4; lastKnownFileType = sourcecode.swift; path = String.swift; sourceTree = "<group>"; };
		32685E61278976F8002389AF /* UIButton.swift */ = {isa = PBXFileReference; fileEncoding = 4; lastKnownFileType = sourcecode.swift; path = UIButton.swift; sourceTree = "<group>"; };
		32685E62278976F8002389AF /* UIViewController.swift */ = {isa = PBXFileReference; fileEncoding = 4; lastKnownFileType = sourcecode.swift; path = UIViewController.swift; sourceTree = "<group>"; };
		32685E63278976F8002389AF /* UINavigationBar.swift */ = {isa = PBXFileReference; fileEncoding = 4; lastKnownFileType = sourcecode.swift; path = UINavigationBar.swift; sourceTree = "<group>"; };
		32685E64278976F8002389AF /* UIFont.swift */ = {isa = PBXFileReference; fileEncoding = 4; lastKnownFileType = sourcecode.swift; path = UIFont.swift; sourceTree = "<group>"; };
		32685E65278976F8002389AF /* Device.swift */ = {isa = PBXFileReference; fileEncoding = 4; lastKnownFileType = sourcecode.swift; path = Device.swift; sourceTree = "<group>"; };
		32685E7027897757002389AF /* Constant.swift */ = {isa = PBXFileReference; fileEncoding = 4; lastKnownFileType = sourcecode.swift; path = Constant.swift; sourceTree = "<group>"; };
		32685E7227897757002389AF /* Key.swift */ = {isa = PBXFileReference; fileEncoding = 4; lastKnownFileType = sourcecode.swift; path = Key.swift; sourceTree = "<group>"; };
		32685E7427897757002389AF /* NotoSansCJKkr-Medium.otf */ = {isa = PBXFileReference; lastKnownFileType = file; path = "NotoSansCJKkr-Medium.otf"; sourceTree = "<group>"; };
		32685E7527897757002389AF /* NotoSansCJKkr-Regular.otf */ = {isa = PBXFileReference; lastKnownFileType = file; path = "NotoSansCJKkr-Regular.otf"; sourceTree = "<group>"; };
		32685E7627897757002389AF /* NotoSansCJKkr-Bold.otf */ = {isa = PBXFileReference; lastKnownFileType = file; path = "NotoSansCJKkr-Bold.otf"; sourceTree = "<group>"; };
		32685E7827897757002389AF /* BaseViewController.swift */ = {isa = PBXFileReference; fileEncoding = 4; lastKnownFileType = sourcecode.swift; path = BaseViewController.swift; sourceTree = "<group>"; };
		32685E8A2789791A002389AF /* Signin.storyboard */ = {isa = PBXFileReference; lastKnownFileType = file.storyboard; path = Signin.storyboard; sourceTree = "<group>"; };
		32685E8C27897927002389AF /* Login.storyboard */ = {isa = PBXFileReference; lastKnownFileType = file.storyboard; path = Login.storyboard; sourceTree = "<group>"; };
		32685E8E2789D63B002389AF /* LoginMain.swift */ = {isa = PBXFileReference; lastKnownFileType = sourcecode.swift; path = LoginMain.swift; sourceTree = "<group>"; };
		32685E902789D647002389AF /* LoginEmail.swift */ = {isa = PBXFileReference; lastKnownFileType = sourcecode.swift; path = LoginEmail.swift; sourceTree = "<group>"; };
		32685E922789EA60002389AF /* LoginDataManager.swift */ = {isa = PBXFileReference; lastKnownFileType = sourcecode.swift; path = LoginDataManager.swift; sourceTree = "<group>"; };
		32DDF8A8278A83B2004C1280 /* RecommendationViewController.swift */ = {isa = PBXFileReference; lastKnownFileType = sourcecode.swift; path = RecommendationViewController.swift; sourceTree = "<group>"; };
		32DDF8AA278A83EC004C1280 /* DomesticViewController.swift */ = {isa = PBXFileReference; lastKnownFileType = sourcecode.swift; path = DomesticViewController.swift; sourceTree = "<group>"; };
		32DDF8AC278A8401004C1280 /* EntertainmentViewController.swift */ = {isa = PBXFileReference; lastKnownFileType = sourcecode.swift; path = EntertainmentViewController.swift; sourceTree = "<group>"; };
		32DDF8AE278A8410004C1280 /* TransportationViewController.swift */ = {isa = PBXFileReference; lastKnownFileType = sourcecode.swift; path = TransportationViewController.swift; sourceTree = "<group>"; };
		32DDF8B0278A841F004C1280 /* AbroadViewController.swift */ = {isa = PBXFileReference; lastKnownFileType = sourcecode.swift; path = AbroadViewController.swift; sourceTree = "<group>"; };
		32DE344F278A8A3A00D2A055 /* ScrollandNavigation.swift */ = {isa = PBXFileReference; lastKnownFileType = sourcecode.swift; path = ScrollandNavigation.swift; sourceTree = "<group>"; };
		32DE3451278B347D00D2A055 /* SignInPWViewController.swift */ = {isa = PBXFileReference; lastKnownFileType = sourcecode.swift; path = SignInPWViewController.swift; sourceTree = "<group>"; };
		B8DA0285D2BD6835B35698DC /* Pods-YanoljaCloneApp.release.xcconfig */ = {isa = PBXFileReference; includeInIndex = 1; lastKnownFileType = text.xcconfig; name = "Pods-YanoljaCloneApp.release.xcconfig"; path = "Target Support Files/Pods-YanoljaCloneApp/Pods-YanoljaCloneApp.release.xcconfig"; sourceTree = "<group>"; };
		C4F89168A098E9086E73BBB1 /* Pods_YanoljaCloneApp.framework */ = {isa = PBXFileReference; explicitFileType = wrapper.framework; includeInIndex = 0; path = Pods_YanoljaCloneApp.framework; sourceTree = BUILT_PRODUCTS_DIR; };
		D5B341B05EF9DF4718DFB38C /* Pods-YanoljaCloneApp.debug.xcconfig */ = {isa = PBXFileReference; includeInIndex = 1; lastKnownFileType = text.xcconfig; name = "Pods-YanoljaCloneApp.debug.xcconfig"; path = "Target Support Files/Pods-YanoljaCloneApp/Pods-YanoljaCloneApp.debug.xcconfig"; sourceTree = "<group>"; };
/* End PBXFileReference section */

/* Begin PBXFrameworksBuildPhase section */
		32685E3E27894AA2002389AF /* Frameworks */ = {
			isa = PBXFrameworksBuildPhase;
			buildActionMask = 2147483647;
			files = (
				29A7397133F404B44A463EB0 /* Pods_YanoljaCloneApp.framework in Frameworks */,
			);
			runOnlyForDeploymentPostprocessing = 0;
		};
/* End PBXFrameworksBuildPhase section */

/* Begin PBXGroup section */
		1512DBB00AFB7EAEE2E7390F /* Pods */ = {
			isa = PBXGroup;
			children = (
				D5B341B05EF9DF4718DFB38C /* Pods-YanoljaCloneApp.debug.xcconfig */,
				B8DA0285D2BD6835B35698DC /* Pods-YanoljaCloneApp.release.xcconfig */,
			);
			path = Pods;
			sourceTree = "<group>";
		};
		32472082278D4161009E4B8B /* Domestic */ = {
			isa = PBXGroup;
			children = (
				32DDF8AA278A83EC004C1280 /* DomesticViewController.swift */,
				32472083278D43CA009E4B8B /* DomesticIconCollectionViewCell.swift */,
				32472085278D43FE009E4B8B /* DomesticCollectionViewCell.swift */,
			);
			path = Domestic;
			sourceTree = "<group>";
		};
		32520701278C898C008071FA /* Recommend */ = {
			isa = PBXGroup;
			children = (
				32DDF8A8278A83B2004C1280 /* RecommendationViewController.swift */,
				32520702278C89B9008071FA /* RecommendCollectionViewCell.swift */,
				32520704278C8B37008071FA /* RecommendIconCollectionViewCell.swift */,
			);
			path = Recommend;
			sourceTree = "<group>";
		};
		32685E3827894AA2002389AF = {
			isa = PBXGroup;
			children = (
				32685E4327894AA3002389AF /* YanoljaCloneApp */,
				32685E4227894AA2002389AF /* Products */,
				1512DBB00AFB7EAEE2E7390F /* Pods */,
				5FC26B33292A3C979B326A4B /* Frameworks */,
			);
			sourceTree = "<group>";
		};
		32685E4227894AA2002389AF /* Products */ = {
			isa = PBXGroup;
			children = (
				32685E4127894AA2002389AF /* YanoljaCloneApp.app */,
			);
			name = Products;
			sourceTree = "<group>";
		};
		32685E4327894AA3002389AF /* YanoljaCloneApp */ = {
			isa = PBXGroup;
			children = (
				32685E6F27897757002389AF /* Configuration */,
				32685E5B278976F7002389AF /* Util */,
				32685E5A278976C6002389AF /* Source */,
				32685E4427894AA3002389AF /* AppDelegate.swift */,
				32685E4627894AA3002389AF /* SceneDelegate.swift */,
				32685E4827894AA3002389AF /* ViewController.swift */,
				32685E4D27894AA4002389AF /* Assets.xcassets */,
				32685E4F27894AA4002389AF /* LaunchScreen.storyboard */,
				32685E5227894AA4002389AF /* Info.plist */,
			);
			path = YanoljaCloneApp;
			sourceTree = "<group>";
		};
		32685E5A278976C6002389AF /* Source */ = {
			isa = PBXGroup;
			children = (
				32685E4A27894AA3002389AF /* Main.storyboard */,
				32685E87278978CF002389AF /* Account */,
				32685E8427897864002389AF /* Network */,
				32685E832789783F002389AF /* MyPage */,
				32685E8227897838002389AF /* Heart */,
				32685E812789782A002389AF /* Peripheral */,
				32685E802789781B002389AF /* Region */,
				32685E7F27897815002389AF /* Home */,
			);
			path = Source;
			sourceTree = "<group>";
		};
		32685E5B278976F7002389AF /* Util */ = {
			isa = PBXGroup;
			children = (
				32685E5C278976F7002389AF /* IndicatorView.swift */,
				32685E5D278976F7002389AF /* Extension */,
				32685E65278976F8002389AF /* Device.swift */,
			);
			path = Util;
			sourceTree = "<group>";
		};
		32685E5D278976F7002389AF /* Extension */ = {
			isa = PBXGroup;
			children = (
				32685E5E278976F7002389AF /* Date.swift */,
				32685E5F278976F7002389AF /* UIColor.swift */,
				32685E60278976F8002389AF /* String.swift */,
				32685E61278976F8002389AF /* UIButton.swift */,
				32685E62278976F8002389AF /* UIViewController.swift */,
				32685E63278976F8002389AF /* UINavigationBar.swift */,
				32685E64278976F8002389AF /* UIFont.swift */,
			);
			path = Extension;
			sourceTree = "<group>";
		};
		32685E6F27897757002389AF /* Configuration */ = {
			isa = PBXGroup;
			children = (
				32685E7027897757002389AF /* Constant.swift */,
				32685E7127897757002389AF /* Secret */,
				32685E7327897757002389AF /* Font */,
				32685E7727897757002389AF /* Base */,
			);
			path = Configuration;
			sourceTree = "<group>";
		};
		32685E7127897757002389AF /* Secret */ = {
			isa = PBXGroup;
			children = (
				32685E7227897757002389AF /* Key.swift */,
			);
			path = Secret;
			sourceTree = "<group>";
		};
		32685E7327897757002389AF /* Font */ = {
			isa = PBXGroup;
			children = (
				32685E7427897757002389AF /* NotoSansCJKkr-Medium.otf */,
				32685E7527897757002389AF /* NotoSansCJKkr-Regular.otf */,
				32685E7627897757002389AF /* NotoSansCJKkr-Bold.otf */,
			);
			path = Font;
			sourceTree = "<group>";
		};
		32685E7727897757002389AF /* Base */ = {
			isa = PBXGroup;
			children = (
				32685E7827897757002389AF /* BaseViewController.swift */,
				32DE344F278A8A3A00D2A055 /* ScrollandNavigation.swift */,
			);
			path = Base;
			sourceTree = "<group>";
		};
		32685E7F27897815002389AF /* Home */ = {
			isa = PBXGroup;
			children = (
				322256AB278A77D40090A0DF /* Home.storyboard */,
				322256B6278A82B70090A0DF /* TabManController.swift */,
				32520701278C898C008071FA /* Recommend */,
				32472082278D4161009E4B8B /* Domestic */,
				32DDF8AC278A8401004C1280 /* EntertainmentViewController.swift */,
				32DDF8AE278A8410004C1280 /* TransportationViewController.swift */,
				32DDF8B0278A841F004C1280 /* AbroadViewController.swift */,
			);
			path = Home;
			sourceTree = "<group>";
		};
		32685E802789781B002389AF /* Region */ = {
			isa = PBXGroup;
			children = (
				322256AD278A78220090A0DF /* Region.storyboard */,
			);
			path = Region;
			sourceTree = "<group>";
		};
		32685E812789782A002389AF /* Peripheral */ = {
			isa = PBXGroup;
			children = (
				322256AF278A782C0090A0DF /* Peripheral.storyboard */,
			);
			path = Peripheral;
			sourceTree = "<group>";
		};
		32685E8227897838002389AF /* Heart */ = {
			isa = PBXGroup;
			children = (
				322256B2278A78410090A0DF /* Heart.storyboard */,
			);
			path = Heart;
			sourceTree = "<group>";
		};
		32685E832789783F002389AF /* MyPage */ = {
			isa = PBXGroup;
			children = (
				322256B4278A784B0090A0DF /* MyPage.storyboard */,
				32472089278D8E24009E4B8B /* MyPageViewController.swift */,
			);
			path = MyPage;
			sourceTree = "<group>";
		};
		32685E8427897864002389AF /* Network */ = {
			isa = PBXGroup;
			children = (
				32685E89278978F0002389AF /* Request */,
				32685E88278978EA002389AF /* Entity */,
			);
			path = Network;
			sourceTree = "<group>";
		};
		32685E852789786C002389AF /* Login */ = {
			isa = PBXGroup;
			children = (
				32685E8C27897927002389AF /* Login.storyboard */,
				32685E8E2789D63B002389AF /* LoginMain.swift */,
				32685E902789D647002389AF /* LoginEmail.swift */,
			);
			path = Login;
			sourceTree = "<group>";
		};
		32685E8627897899002389AF /* Signin */ = {
			isa = PBXGroup;
			children = (
				32685E8A2789791A002389AF /* Signin.storyboard */,
				322256A9278A76420090A0DF /* SignInViewController.swift */,
				32DE3451278B347D00D2A055 /* SignInPWViewController.swift */,
				32472087278D7F52009E4B8B /* SIgnInPHViewController.swift */,
			);
			path = Signin;
			sourceTree = "<group>";
		};
		32685E87278978CF002389AF /* Account */ = {
			isa = PBXGroup;
			children = (
				32685E852789786C002389AF /* Login */,
				32685E8627897899002389AF /* Signin */,
			);
			path = Account;
			sourceTree = "<group>";
		};
		32685E88278978EA002389AF /* Entity */ = {
			isa = PBXGroup;
			children = (
				325206FF278C3BE8008071FA /* LogInResponse.swift */,
			);
			path = Entity;
			sourceTree = "<group>";
		};
		32685E89278978F0002389AF /* Request */ = {
			isa = PBXGroup;
			children = (
				32685E922789EA60002389AF /* LoginDataManager.swift */,
				325206FD278C3AD0008071FA /* SignInDataManager.swift */,
			);
			path = Request;
			sourceTree = "<group>";
		};
		5FC26B33292A3C979B326A4B /* Frameworks */ = {
			isa = PBXGroup;
			children = (
				C4F89168A098E9086E73BBB1 /* Pods_YanoljaCloneApp.framework */,
			);
			name = Frameworks;
			sourceTree = "<group>";
		};
/* End PBXGroup section */

/* Begin PBXNativeTarget section */
		32685E4027894AA2002389AF /* YanoljaCloneApp */ = {
			isa = PBXNativeTarget;
			buildConfigurationList = 32685E5527894AA4002389AF /* Build configuration list for PBXNativeTarget "YanoljaCloneApp" */;
			buildPhases = (
				3552F8E09DB64E4B197FF976 /* [CP] Check Pods Manifest.lock */,
				32685E3D27894AA2002389AF /* Sources */,
				32685E3E27894AA2002389AF /* Frameworks */,
				32685E3F27894AA2002389AF /* Resources */,
				E0D2594CC7A11297994D4173 /* [CP] Embed Pods Frameworks */,
			);
			buildRules = (
			);
			dependencies = (
			);
			name = YanoljaCloneApp;
			productName = YanoljaCloneApp;
			productReference = 32685E4127894AA2002389AF /* YanoljaCloneApp.app */;
			productType = "com.apple.product-type.application";
		};
/* End PBXNativeTarget section */

/* Begin PBXProject section */
		32685E3927894AA2002389AF /* Project object */ = {
			isa = PBXProject;
			attributes = {
				BuildIndependentTargetsInParallel = 1;
				LastSwiftUpdateCheck = 1320;
				LastUpgradeCheck = 1320;
				TargetAttributes = {
					32685E4027894AA2002389AF = {
						CreatedOnToolsVersion = 13.2.1;
					};
				};
			};
			buildConfigurationList = 32685E3C27894AA2002389AF /* Build configuration list for PBXProject "YanoljaCloneApp" */;
			compatibilityVersion = "Xcode 13.0";
			developmentRegion = en;
			hasScannedForEncodings = 0;
			knownRegions = (
				en,
				Base,
			);
			mainGroup = 32685E3827894AA2002389AF;
			productRefGroup = 32685E4227894AA2002389AF /* Products */;
			projectDirPath = "";
			projectRoot = "";
			targets = (
				32685E4027894AA2002389AF /* YanoljaCloneApp */,
			);
		};
/* End PBXProject section */

/* Begin PBXResourcesBuildPhase section */
		32685E3F27894AA2002389AF /* Resources */ = {
			isa = PBXResourcesBuildPhase;
			buildActionMask = 2147483647;
			files = (
				32685E8D27897927002389AF /* Login.storyboard in Resources */,
				32685E7C27897757002389AF /* NotoSansCJKkr-Regular.otf in Resources */,
				32685E5127894AA4002389AF /* LaunchScreen.storyboard in Resources */,
				322256B3278A78410090A0DF /* Heart.storyboard in Resources */,
				322256AC278A77D40090A0DF /* Home.storyboard in Resources */,
				32685E8B2789791A002389AF /* Signin.storyboard in Resources */,
				322256B0278A782D0090A0DF /* Peripheral.storyboard in Resources */,
				32685E4E27894AA4002389AF /* Assets.xcassets in Resources */,
				322256AE278A78220090A0DF /* Region.storyboard in Resources */,
				322256B5278A784B0090A0DF /* MyPage.storyboard in Resources */,
				32685E4C27894AA3002389AF /* Main.storyboard in Resources */,
				32685E7B27897757002389AF /* NotoSansCJKkr-Medium.otf in Resources */,
				32685E7D27897757002389AF /* NotoSansCJKkr-Bold.otf in Resources */,
			);
			runOnlyForDeploymentPostprocessing = 0;
		};
/* End PBXResourcesBuildPhase section */

/* Begin PBXShellScriptBuildPhase section */
		3552F8E09DB64E4B197FF976 /* [CP] Check Pods Manifest.lock */ = {
			isa = PBXShellScriptBuildPhase;
			buildActionMask = 2147483647;
			files = (
			);
			inputFileListPaths = (
			);
			inputPaths = (
				"${PODS_PODFILE_DIR_PATH}/Podfile.lock",
				"${PODS_ROOT}/Manifest.lock",
			);
			name = "[CP] Check Pods Manifest.lock";
			outputFileListPaths = (
			);
			outputPaths = (
				"$(DERIVED_FILE_DIR)/Pods-YanoljaCloneApp-checkManifestLockResult.txt",
			);
			runOnlyForDeploymentPostprocessing = 0;
			shellPath = /bin/sh;
			shellScript = "diff \"${PODS_PODFILE_DIR_PATH}/Podfile.lock\" \"${PODS_ROOT}/Manifest.lock\" > /dev/null\nif [ $? != 0 ] ; then\n    # print error to STDERR\n    echo \"error: The sandbox is not in sync with the Podfile.lock. Run 'pod install' or update your CocoaPods installation.\" >&2\n    exit 1\nfi\n# This output is used by Xcode 'outputs' to avoid re-running this script phase.\necho \"SUCCESS\" > \"${SCRIPT_OUTPUT_FILE_0}\"\n";
			showEnvVarsInLog = 0;
		};
		E0D2594CC7A11297994D4173 /* [CP] Embed Pods Frameworks */ = {
			isa = PBXShellScriptBuildPhase;
			buildActionMask = 2147483647;
			files = (
			);
			inputFileListPaths = (
				"${PODS_ROOT}/Target Support Files/Pods-YanoljaCloneApp/Pods-YanoljaCloneApp-frameworks-${CONFIGURATION}-input-files.xcfilelist",
			);
			name = "[CP] Embed Pods Frameworks";
			outputFileListPaths = (
				"${PODS_ROOT}/Target Support Files/Pods-YanoljaCloneApp/Pods-YanoljaCloneApp-frameworks-${CONFIGURATION}-output-files.xcfilelist",
			);
			runOnlyForDeploymentPostprocessing = 0;
			shellPath = /bin/sh;
			shellScript = "\"${PODS_ROOT}/Target Support Files/Pods-YanoljaCloneApp/Pods-YanoljaCloneApp-frameworks.sh\"\n";
			showEnvVarsInLog = 0;
		};
/* End PBXShellScriptBuildPhase section */

/* Begin PBXSourcesBuildPhase section */
		32685E3D27894AA2002389AF /* Sources */ = {
			isa = PBXSourcesBuildPhase;
			buildActionMask = 2147483647;
			files = (
				32685E4927894AA3002389AF /* ViewController.swift in Sources */,
				32685E68278976F8002389AF /* UIColor.swift in Sources */,
				32685E6B278976F8002389AF /* UIViewController.swift in Sources */,
				325206FE278C3AD0008071FA /* SignInDataManager.swift in Sources */,
				32520700278C3BE8008071FA /* LogInResponse.swift in Sources */,
				32685E6E278976F8002389AF /* Device.swift in Sources */,
				32472088278D7F52009E4B8B /* SIgnInPHViewController.swift in Sources */,
				32685E67278976F8002389AF /* Date.swift in Sources */,
				32472084278D43CA009E4B8B /* DomesticIconCollectionViewCell.swift in Sources */,
				32472086278D43FE009E4B8B /* DomesticCollectionViewCell.swift in Sources */,
				32520705278C8B37008071FA /* RecommendIconCollectionViewCell.swift in Sources */,
				32685E7E27897757002389AF /* BaseViewController.swift in Sources */,
				32685E6A278976F8002389AF /* UIButton.swift in Sources */,
				32DE3452278B347D00D2A055 /* SignInPWViewController.swift in Sources */,
				32685E4527894AA3002389AF /* AppDelegate.swift in Sources */,
				32520703278C89B9008071FA /* RecommendCollectionViewCell.swift in Sources */,
				32DDF8AD278A8401004C1280 /* EntertainmentViewController.swift in Sources */,
				32685E8F2789D63B002389AF /* LoginMain.swift in Sources */,
				32DE3450278A8A3A00D2A055 /* ScrollandNavigation.swift in Sources */,
				322256AA278A76420090A0DF /* SignInViewController.swift in Sources */,
				32685E6D278976F8002389AF /* UIFont.swift in Sources */,
				32DDF8AF278A8410004C1280 /* TransportationViewController.swift in Sources */,
				32685E932789EA60002389AF /* LoginDataManager.swift in Sources */,
				32685E69278976F8002389AF /* String.swift in Sources */,
				32685E7927897757002389AF /* Constant.swift in Sources */,
				32DDF8AB278A83EC004C1280 /* DomesticViewController.swift in Sources */,
				32685E7A27897757002389AF /* Key.swift in Sources */,
				32DDF8A9278A83B2004C1280 /* RecommendationViewController.swift in Sources */,
				32DDF8B1278A841F004C1280 /* AbroadViewController.swift in Sources */,
				32685E66278976F8002389AF /* IndicatorView.swift in Sources */,
				3247208A278D8E24009E4B8B /* MyPageViewController.swift in Sources */,
				322256B7278A82B70090A0DF /* TabManController.swift in Sources */,
				32685E4727894AA3002389AF /* SceneDelegate.swift in Sources */,
				32685E6C278976F8002389AF /* UINavigationBar.swift in Sources */,
				32685E912789D647002389AF /* LoginEmail.swift in Sources */,
			);
			runOnlyForDeploymentPostprocessing = 0;
		};
/* End PBXSourcesBuildPhase section */

/* Begin PBXVariantGroup section */
		32685E4A27894AA3002389AF /* Main.storyboard */ = {
			isa = PBXVariantGroup;
			children = (
				32685E4B27894AA3002389AF /* Base */,
			);
			name = Main.storyboard;
			sourceTree = "<group>";
		};
		32685E4F27894AA4002389AF /* LaunchScreen.storyboard */ = {
			isa = PBXVariantGroup;
			children = (
				32685E5027894AA4002389AF /* Base */,
			);
			name = LaunchScreen.storyboard;
			sourceTree = "<group>";
		};
/* End PBXVariantGroup section */

/* Begin XCBuildConfiguration section */
		32685E5327894AA4002389AF /* Debug */ = {
			isa = XCBuildConfiguration;
			buildSettings = {
				ALWAYS_SEARCH_USER_PATHS = NO;
				CLANG_ANALYZER_NONNULL = YES;
				CLANG_ANALYZER_NUMBER_OBJECT_CONVERSION = YES_AGGRESSIVE;
				CLANG_CXX_LANGUAGE_STANDARD = "gnu++17";
				CLANG_CXX_LIBRARY = "libc++";
				CLANG_ENABLE_MODULES = YES;
				CLANG_ENABLE_OBJC_ARC = YES;
				CLANG_ENABLE_OBJC_WEAK = YES;
				CLANG_WARN_BLOCK_CAPTURE_AUTORELEASING = YES;
				CLANG_WARN_BOOL_CONVERSION = YES;
				CLANG_WARN_COMMA = YES;
				CLANG_WARN_CONSTANT_CONVERSION = YES;
				CLANG_WARN_DEPRECATED_OBJC_IMPLEMENTATIONS = YES;
				CLANG_WARN_DIRECT_OBJC_ISA_USAGE = YES_ERROR;
				CLANG_WARN_DOCUMENTATION_COMMENTS = YES;
				CLANG_WARN_EMPTY_BODY = YES;
				CLANG_WARN_ENUM_CONVERSION = YES;
				CLANG_WARN_INFINITE_RECURSION = YES;
				CLANG_WARN_INT_CONVERSION = YES;
				CLANG_WARN_NON_LITERAL_NULL_CONVERSION = YES;
				CLANG_WARN_OBJC_IMPLICIT_RETAIN_SELF = YES;
				CLANG_WARN_OBJC_LITERAL_CONVERSION = YES;
				CLANG_WARN_OBJC_ROOT_CLASS = YES_ERROR;
				CLANG_WARN_QUOTED_INCLUDE_IN_FRAMEWORK_HEADER = YES;
				CLANG_WARN_RANGE_LOOP_ANALYSIS = YES;
				CLANG_WARN_STRICT_PROTOTYPES = YES;
				CLANG_WARN_SUSPICIOUS_MOVE = YES;
				CLANG_WARN_UNGUARDED_AVAILABILITY = YES_AGGRESSIVE;
				CLANG_WARN_UNREACHABLE_CODE = YES;
				CLANG_WARN__DUPLICATE_METHOD_MATCH = YES;
				COPY_PHASE_STRIP = NO;
				DEBUG_INFORMATION_FORMAT = dwarf;
				ENABLE_STRICT_OBJC_MSGSEND = YES;
				ENABLE_TESTABILITY = YES;
				GCC_C_LANGUAGE_STANDARD = gnu11;
				GCC_DYNAMIC_NO_PIC = NO;
				GCC_NO_COMMON_BLOCKS = YES;
				GCC_OPTIMIZATION_LEVEL = 0;
				GCC_PREPROCESSOR_DEFINITIONS = (
					"DEBUG=1",
					"$(inherited)",
				);
				GCC_WARN_64_TO_32_BIT_CONVERSION = YES;
				GCC_WARN_ABOUT_RETURN_TYPE = YES_ERROR;
				GCC_WARN_UNDECLARED_SELECTOR = YES;
				GCC_WARN_UNINITIALIZED_AUTOS = YES_AGGRESSIVE;
				GCC_WARN_UNUSED_FUNCTION = YES;
				GCC_WARN_UNUSED_VARIABLE = YES;
				IPHONEOS_DEPLOYMENT_TARGET = 15.2;
				MTL_ENABLE_DEBUG_INFO = INCLUDE_SOURCE;
				MTL_FAST_MATH = YES;
				ONLY_ACTIVE_ARCH = YES;
				SDKROOT = iphoneos;
				SWIFT_ACTIVE_COMPILATION_CONDITIONS = DEBUG;
				SWIFT_OPTIMIZATION_LEVEL = "-Onone";
			};
			name = Debug;
		};
		32685E5427894AA4002389AF /* Release */ = {
			isa = XCBuildConfiguration;
			buildSettings = {
				ALWAYS_SEARCH_USER_PATHS = NO;
				CLANG_ANALYZER_NONNULL = YES;
				CLANG_ANALYZER_NUMBER_OBJECT_CONVERSION = YES_AGGRESSIVE;
				CLANG_CXX_LANGUAGE_STANDARD = "gnu++17";
				CLANG_CXX_LIBRARY = "libc++";
				CLANG_ENABLE_MODULES = YES;
				CLANG_ENABLE_OBJC_ARC = YES;
				CLANG_ENABLE_OBJC_WEAK = YES;
				CLANG_WARN_BLOCK_CAPTURE_AUTORELEASING = YES;
				CLANG_WARN_BOOL_CONVERSION = YES;
				CLANG_WARN_COMMA = YES;
				CLANG_WARN_CONSTANT_CONVERSION = YES;
				CLANG_WARN_DEPRECATED_OBJC_IMPLEMENTATIONS = YES;
				CLANG_WARN_DIRECT_OBJC_ISA_USAGE = YES_ERROR;
				CLANG_WARN_DOCUMENTATION_COMMENTS = YES;
				CLANG_WARN_EMPTY_BODY = YES;
				CLANG_WARN_ENUM_CONVERSION = YES;
				CLANG_WARN_INFINITE_RECURSION = YES;
				CLANG_WARN_INT_CONVERSION = YES;
				CLANG_WARN_NON_LITERAL_NULL_CONVERSION = YES;
				CLANG_WARN_OBJC_IMPLICIT_RETAIN_SELF = YES;
				CLANG_WARN_OBJC_LITERAL_CONVERSION = YES;
				CLANG_WARN_OBJC_ROOT_CLASS = YES_ERROR;
				CLANG_WARN_QUOTED_INCLUDE_IN_FRAMEWORK_HEADER = YES;
				CLANG_WARN_RANGE_LOOP_ANALYSIS = YES;
				CLANG_WARN_STRICT_PROTOTYPES = YES;
				CLANG_WARN_SUSPICIOUS_MOVE = YES;
				CLANG_WARN_UNGUARDED_AVAILABILITY = YES_AGGRESSIVE;
				CLANG_WARN_UNREACHABLE_CODE = YES;
				CLANG_WARN__DUPLICATE_METHOD_MATCH = YES;
				COPY_PHASE_STRIP = NO;
				DEBUG_INFORMATION_FORMAT = "dwarf-with-dsym";
				ENABLE_NS_ASSERTIONS = NO;
				ENABLE_STRICT_OBJC_MSGSEND = YES;
				GCC_C_LANGUAGE_STANDARD = gnu11;
				GCC_NO_COMMON_BLOCKS = YES;
				GCC_WARN_64_TO_32_BIT_CONVERSION = YES;
				GCC_WARN_ABOUT_RETURN_TYPE = YES_ERROR;
				GCC_WARN_UNDECLARED_SELECTOR = YES;
				GCC_WARN_UNINITIALIZED_AUTOS = YES_AGGRESSIVE;
				GCC_WARN_UNUSED_FUNCTION = YES;
				GCC_WARN_UNUSED_VARIABLE = YES;
				IPHONEOS_DEPLOYMENT_TARGET = 15.2;
				MTL_ENABLE_DEBUG_INFO = NO;
				MTL_FAST_MATH = YES;
				SDKROOT = iphoneos;
				SWIFT_COMPILATION_MODE = wholemodule;
				SWIFT_OPTIMIZATION_LEVEL = "-O";
				VALIDATE_PRODUCT = YES;
			};
			name = Release;
		};
		32685E5627894AA4002389AF /* Debug */ = {
			isa = XCBuildConfiguration;
			baseConfigurationReference = D5B341B05EF9DF4718DFB38C /* Pods-YanoljaCloneApp.debug.xcconfig */;
			buildSettings = {
				ASSETCATALOG_COMPILER_APPICON_NAME = AppIcon;
				ASSETCATALOG_COMPILER_GLOBAL_ACCENT_COLOR_NAME = AccentColor;
				CODE_SIGN_STYLE = Automatic;
				CURRENT_PROJECT_VERSION = 1;
				GENERATE_INFOPLIST_FILE = YES;
				INFOPLIST_FILE = YanoljaCloneApp/Info.plist;
				INFOPLIST_KEY_UIApplicationSupportsIndirectInputEvents = YES;
				INFOPLIST_KEY_UILaunchStoryboardName = LaunchScreen;
				INFOPLIST_KEY_UIMainStoryboardFile = Main;
				INFOPLIST_KEY_UISupportedInterfaceOrientations_iPad = "UIInterfaceOrientationPortrait UIInterfaceOrientationPortraitUpsideDown UIInterfaceOrientationLandscapeLeft UIInterfaceOrientationLandscapeRight";
				INFOPLIST_KEY_UISupportedInterfaceOrientations_iPhone = "UIInterfaceOrientationPortrait UIInterfaceOrientationLandscapeLeft UIInterfaceOrientationLandscapeRight";
				LD_RUNPATH_SEARCH_PATHS = (
					"$(inherited)",
					"@executable_path/Frameworks",
				);
				MARKETING_VERSION = 1.0;
				PRODUCT_BUNDLE_IDENTIFIER = net.jiyoonjung.YanoljaCloneApp;
				PRODUCT_NAME = "$(TARGET_NAME)";
				SWIFT_EMIT_LOC_STRINGS = YES;
				SWIFT_VERSION = 5.0;
				TARGETED_DEVICE_FAMILY = "1,2";
			};
			name = Debug;
		};
		32685E5727894AA4002389AF /* Release */ = {
			isa = XCBuildConfiguration;
			baseConfigurationReference = B8DA0285D2BD6835B35698DC /* Pods-YanoljaCloneApp.release.xcconfig */;
			buildSettings = {
				ASSETCATALOG_COMPILER_APPICON_NAME = AppIcon;
				ASSETCATALOG_COMPILER_GLOBAL_ACCENT_COLOR_NAME = AccentColor;
				CODE_SIGN_STYLE = Automatic;
				CURRENT_PROJECT_VERSION = 1;
				GENERATE_INFOPLIST_FILE = YES;
				INFOPLIST_FILE = YanoljaCloneApp/Info.plist;
				INFOPLIST_KEY_UIApplicationSupportsIndirectInputEvents = YES;
				INFOPLIST_KEY_UILaunchStoryboardName = LaunchScreen;
				INFOPLIST_KEY_UIMainStoryboardFile = Main;
				INFOPLIST_KEY_UISupportedInterfaceOrientations_iPad = "UIInterfaceOrientationPortrait UIInterfaceOrientationPortraitUpsideDown UIInterfaceOrientationLandscapeLeft UIInterfaceOrientationLandscapeRight";
				INFOPLIST_KEY_UISupportedInterfaceOrientations_iPhone = "UIInterfaceOrientationPortrait UIInterfaceOrientationLandscapeLeft UIInterfaceOrientationLandscapeRight";
				LD_RUNPATH_SEARCH_PATHS = (
					"$(inherited)",
					"@executable_path/Frameworks",
				);
				MARKETING_VERSION = 1.0;
				PRODUCT_BUNDLE_IDENTIFIER = net.jiyoonjung.YanoljaCloneApp;
				PRODUCT_NAME = "$(TARGET_NAME)";
				SWIFT_EMIT_LOC_STRINGS = YES;
				SWIFT_VERSION = 5.0;
				TARGETED_DEVICE_FAMILY = "1,2";
			};
			name = Release;
		};
/* End XCBuildConfiguration section */

/* Begin XCConfigurationList section */
		32685E3C27894AA2002389AF /* Build configuration list for PBXProject "YanoljaCloneApp" */ = {
			isa = XCConfigurationList;
			buildConfigurations = (
				32685E5327894AA4002389AF /* Debug */,
				32685E5427894AA4002389AF /* Release */,
			);
			defaultConfigurationIsVisible = 0;
			defaultConfigurationName = Release;
		};
		32685E5527894AA4002389AF /* Build configuration list for PBXNativeTarget "YanoljaCloneApp" */ = {
			isa = XCConfigurationList;
			buildConfigurations = (
				32685E5627894AA4002389AF /* Debug */,
				32685E5727894AA4002389AF /* Release */,
			);
			defaultConfigurationIsVisible = 0;
			defaultConfigurationName = Release;
		};
/* End XCConfigurationList section */
	};
	rootObject = 32685E3927894AA2002389AF /* Project object */;
}
